
Microsoft Visual Studio Solution File, Format Version 12.00
# Visual Studio Version 17
VisualStudioVersion = 17.14.36310.24 d17.14
MinimumVisualStudioVersion = 10.0.40219.1
Project("{FAE04EC0-301F-11D3-BF4B-00C04F79EFBC}") = "dine", "dine\dine.csproj", "{03BDA6D9-558E-45F8-B83D-2B5F4D70ED17}"
EndProject
Global
	GlobalSection(SolutionConfigurationPlatforms) = preSolution
		Debug|Any CPU = Debug|Any CPU
		Release|Any CPU = Release|Any CPU
	EndGlobalSection
	GlobalSection(ProjectConfigurationPlatforms) = postSolution
		{03BDA6D9-558E-45F8-B83D-2B5F4D70ED17}.Debug|Any CPU.ActiveCfg = Debug|Any CPU
		{03BDA6D9-558E-45F8-B83D-2B5F4D70ED17}.Debug|Any CPU.Build.0 = Debug|Any CPU
		{03BDA6D9-558E-45F8-B83D-2B5F4D70ED17}.Release|Any CPU.ActiveCfg = Release|Any CPU
		{03BDA6D9-558E-45F8-B83D-2B5F4D70ED17}.Release|Any CPU.Build.0 = Release|Any CPU
	EndGlobalSection
	GlobalSection(SolutionProperties) = preSolution
		HideSolutionNode = FALSE
	EndGlobalSection
	GlobalSection(ExtensibilityGlobals) = postSolution
		SolutionGuid = {2556ACCB-32C2-4D29-B904-9E71CF9B5BDF}
	EndGlobalSection
EndGlobal
